version = 1
revision = 3
requires-python = ">=3.14"

[[package]]
name = "droplatch"
version = "0.1.0"
source = { editable = "." }
dependencies = [
    { name = "readchar" },
    { name = "rpi-gpio" },
]

[package.metadata]
requires-dist = [
    { name = "readchar", specifier = ">=4.2.2" },
    { name = "rpi-gpio", specifier = ">=0.7.1" },
]

[[package]]
name = "readchar"
version = "4.2.2"
source = { registry = "https://pypi.org/simple" }
sdist = { url = "https://files.pythonhosted.org/packages/ed/49/a10341024c45bed95d13197ec9ef0f4e2fd10b5ca6e7f8d7684d18082398/readchar-4.2.2.tar.gz", hash = "sha256:e3b270fe16fc90c50ac79107700330a133dd4c63d22939f5b03b4f24564d5dd8", size = 9762, upload-time = "2026-04-06T19:45:54.226Z" }
wheels = [
    { url = "https://files.pythonhosted.org/packages/3d/ca/36133653e00939922dd1416f4c56177361289172a30563fcb9552c9ccde4/readchar-4.2.2-py3-none-any.whl", hash = "sha256:92daf7e42c52b0787e6c75d01ecfb9a94f4ceff3764958b570c1dddedd47b200", size = 9401, upload-time = "2026-04-06T19:45:52.993Z" },
]

[[package]]
name = "rpi-gpio"
version = "0.7.1"
source = { registry = "https://pypi.org/simple" }
sdist = { url = "https://files.pythonhosted.org/packages/c4/0f/10b524a12b3445af1c607c27b2f5ed122ef55756e29942900e5c950735f2/RPi.GPIO-0.7.1.tar.gz", hash = "sha256:cd61c4b03c37b62bba4a5acfea9862749c33c618e0295e7e90aa4713fb373b70", size = 29090, upload-time = "2022-02-06T15:15:06.022Z" }
